
Microsoft Visual Studio Solution File, Format Version 12.00
# Visual Studio Version 16
VisualStudioVersion = 16.0.30503.244
MinimumVisualStudioVersion = 10.0.40219.1
Project("{9A19103F-16F7-4668-BE54-9A1E7A4F7556}") = "BeanlancerAPI2", "BeanlancerAPI2.csproj", "{5BCBF7EC-2B28-4EB9-ACDE-FDC4568E6FF6}"
EndProject
Global
	GlobalSection(SolutionConfigurationPlatforms) = preSolution
		Debug|Any CPU = Debug|Any CPU
		Release|Any CPU = Release|Any CPU
	EndGlobalSection
	GlobalSection(ProjectConfigurationPlatforms) = postSolution
		{5BCBF7EC-2B28-4EB9-ACDE-FDC4568E6FF6}.Debug|Any CPU.ActiveCfg = Debug|Any CPU
		{5BCBF7EC-2B28-4EB9-ACDE-FDC4568E6FF6}.Debug|Any CPU.Build.0 = Debug|Any CPU
		{5BCBF7EC-2B28-4EB9-ACDE-FDC4568E6FF6}.Release|Any CPU.ActiveCfg = Release|Any CPU
		{5BCBF7EC-2B28-4EB9-ACDE-FDC4568E6FF6}.Release|Any CPU.Build.0 = Release|Any CPU
	EndGlobalSection
	GlobalSection(SolutionProperties) = preSolution
		HideSolutionNode = FALSE
	EndGlobalSection
	GlobalSection(ExtensibilityGlobals) = postSolution
		SolutionGuid = {CFCD9BE0-E732-41CF-A8DD-A98A410D65AD}
	EndGlobalSection
EndGlobal
